// !$*UTF8*$!
{
	archiveVersion = 1;
	classes = {
	};
	objectVersion = 51;
	objects = {

/* Begin PBXBuildFile section */
		D9B2E9D025228B2300A11D07 /* AppDelegate.swift in Sources */ = {isa = PBXBuildFile; fileRef = D9B2E9CF25228B2300A11D07 /* AppDelegate.swift */; };
		D9B2E9D225228B2300A11D07 /* SceneDelegate.swift in Sources */ = {isa = PBXBuildFile; fileRef = D9B2E9D125228B2300A11D07 /* SceneDelegate.swift */; };
		D9B2E9D425228B2300A11D07 /* ViewController.swift in Sources */ = {isa = PBXBuildFile; fileRef = D9B2E9D325228B2300A11D07 /* ViewController.swift */; };
		D9B2E9D725228B2300A11D07 /* Main.storyboard in Resources */ = {isa = PBXBuildFile; fileRef = D9B2E9D525228B2300A11D07 /* Main.storyboard */; };
		D9B2E9D925228B2A00A11D07 /* Assets.xcassets in Resources */ = {isa = PBXBuildFile; fileRef = D9B2E9D825228B2A00A11D07 /* Assets.xcassets */; };
		D9B2E9DC25228B2A00A11D07 /* LaunchScreen.storyboard in Resources */ = {isa = PBXBuildFile; fileRef = D9B2E9DA25228B2A00A11D07 /* LaunchScreen.storyboard */; };
		D9B2E9E4252292BD00A11D07 /* BookRepository.swift in Sources */ = {isa = PBXBuildFile; fileRef = D9B2E9E3252292BD00A11D07 /* BookRepository.swift */; };
		D9B2E9E6252294BD00A11D07 /* Book.swift in Sources */ = {isa = PBXBuildFile; fileRef = D9B2E9E5252294BD00A11D07 /* Book.swift */; };
		E3A689CE0A3792843556AC5C /* Pods_Libros.framework in Frameworks */ = {isa = PBXBuildFile; fileRef = 47EF53FE2DF5ADD50731080E /* Pods_Libros.framework */; };
/* End PBXBuildFile section */

/* Begin PBXFileReference section */
		3DF4C9ED1EB2090B605A025E /* Pods-Libros.release.xcconfig */ = {isa = PBXFileReference; includeInIndex = 1; lastKnownFileType = text.xcconfig; name = "Pods-Libros.release.xcconfig"; path = "Target Support Files/Pods-Libros/Pods-Libros.release.xcconfig"; sourceTree = "<group>"; };
		47EF53FE2DF5ADD50731080E /* Pods_Libros.framework */ = {isa = PBXFileReference; explicitFileType = wrapper.framework; includeInIndex = 0; path = Pods_Libros.framework; sourceTree = BUILT_PRODUCTS_DIR; };
		58D43032A036BAB3FDBF0816 /* Pods-Libros.debug.xcconfig */ = {isa = PBXFileReference; includeInIndex = 1; lastKnownFileType = text.xcconfig; name = "Pods-Libros.debug.xcconfig"; path = "Target Support Files/Pods-Libros/Pods-Libros.debug.xcconfig"; sourceTree = "<group>"; };
		D9B2E9CC25228B2300A11D07 /* Libros.app */ = {isa = PBXFileReference; explicitFileType = wrapper.application; includeInIndex = 0; path = Libros.app; sourceTree = BUILT_PRODUCTS_DIR; };
		D9B2E9CF25228B2300A11D07 /* AppDelegate.swift */ = {isa = PBXFileReference; lastKnownFileType = sourcecode.swift; path = AppDelegate.swift; sourceTree = "<group>"; };
		D9B2E9D125228B2300A11D07 /* SceneDelegate.swift */ = {isa = PBXFileReference; lastKnownFileType = sourcecode.swift; path = SceneDelegate.swift; sourceTree = "<group>"; };
		D9B2E9D325228B2300A11D07 /* ViewController.swift */ = {isa = PBXFileReference; lastKnownFileType = sourcecode.swift; path = ViewController.swift; sourceTree = "<group>"; };
		D9B2E9D625228B2300A11D07 /* Base */ = {isa = PBXFileReference; lastKnownFileType = file.storyboard; name = Base; path = Base.lproj/Main.storyboard; sourceTree = "<group>"; };
		D9B2E9D825228B2A00A11D07 /* Assets.xcassets */ = {isa = PBXFileReference; lastKnownFileType = folder.assetcatalog; path = Assets.xcassets; sourceTree = "<group>"; };
		D9B2E9DB25228B2A00A11D07 /* Base */ = {isa = PBXFileReference; lastKnownFileType = file.storyboard; name = Base; path = Base.lproj/LaunchScreen.storyboard; sourceTree = "<group>"; };
		D9B2E9DD25228B2A00A11D07 /* Info.plist */ = {isa = PBXFileReference; lastKnownFileType = text.plist.xml; path = Info.plist; sourceTree = "<group>"; };
		D9B2E9E3252292BD00A11D07 /* BookRepository.swift */ = {isa = PBXFileReference; lastKnownFileType = sourcecode.swift; path = BookRepository.swift; sourceTree = "<group>"; };
		D9B2E9E5252294BD00A11D07 /* Book.swift */ = {isa = PBXFileReference; lastKnownFileType = sourcecode.swift; path = Book.swift; sourceTree = "<group>"; };
/* End PBXFileReference section */

/* Begin PBXFrameworksBuildPhase section */
		D9B2E9C925228B2300A11D07 /* Frameworks */ = {
			isa = PBXFrameworksBuildPhase;
			buildActionMask = 2147483647;
			files = (
				E3A689CE0A3792843556AC5C /* Pods_Libros.framework in Frameworks */,
			);
			runOnlyForDeploymentPostprocessing = 0;
		};
/* End PBXFrameworksBuildPhase section */

/* Begin PBXGroup section */
		9FA647DC73112AE5078AE730 /* Pods */ = {
			isa = PBXGroup;
			children = (
				58D43032A036BAB3FDBF0816 /* Pods-Libros.debug.xcconfig */,
				3DF4C9ED1EB2090B605A025E /* Pods-Libros.release.xcconfig */,
			);
			path = Pods;
			sourceTree = "<group>";
		};
		D9B2E9C325228B2300A11D07 = {
			isa = PBXGroup;
			children = (
				D9B2E9CE25228B2300A11D07 /* Libros */,
				D9B2E9CD25228B2300A11D07 /* Products */,
				9FA647DC73112AE5078AE730 /* Pods */,
				FB7BEA52EDF8CF8B9B7396DF /* Frameworks */,
			);
			sourceTree = "<group>";
		};
		D9B2E9CD25228B2300A11D07 /* Products */ = {
			isa = PBXGroup;
			children = (
				D9B2E9CC25228B2300A11D07 /* Libros.app */,
			);
			name = Products;
			sourceTree = "<group>";
		};
		D9B2E9CE25228B2300A11D07 /* Libros */ = {
			isa = PBXGroup;
			children = (
				D9B2E9CF25228B2300A11D07 /* AppDelegate.swift */,
				D9B2E9D125228B2300A11D07 /* SceneDelegate.swift */,
				D9B2E9D325228B2300A11D07 /* ViewController.swift */,
				D9B2E9D525228B2300A11D07 /* Main.storyboard */,
				D9B2E9E3252292BD00A11D07 /* BookRepository.swift */,
				D9B2E9E5252294BD00A11D07 /* Book.swift */,
				D9B2E9D825228B2A00A11D07 /* Assets.xcassets */,
				D9B2E9DA25228B2A00A11D07 /* LaunchScreen.storyboard */,
				D9B2E9DD25228B2A00A11D07 /* Info.plist */,
			);
			path = Libros;
			sourceTree = "<group>";
		};
		FB7BEA52EDF8CF8B9B7396DF /* Frameworks */ = {
			isa = PBXGroup;
			children = (
				47EF53FE2DF5ADD50731080E /* Pods_Libros.framework */,
			);
			name = Frameworks;
			sourceTree = "<group>";
		};
/* End PBXGroup section */

/* Begin PBXNativeTarget section */
		D9B2E9CB25228B2300A11D07 /* Libros */ = {
			isa = PBXNativeTarget;
			buildConfigurationList = D9B2E9E025228B2A00A11D07 /* Build configuration list for PBXNativeTarget "Libros" */;
			buildPhases = (
				ABCFCF236CEA34CEA4090847 /* [CP] Check Pods Manifest.lock */,
				D9B2E9C825228B2300A11D07 /* Sources */,
				D9B2E9C925228B2300A11D07 /* Frameworks */,
				D9B2E9CA25228B2300A11D07 /* Resources */,
				9E3B0E0EAFC7D4E46FFC6DAC /* [CP] Embed Pods Frameworks */,
			);
			buildRules = (
			);
			dependencies = (
			);
			name = Libros;
			productName = Libros;
			productReference = D9B2E9CC25228B2300A11D07 /* Libros.app */;
			productType = "com.apple.product-type.application";
		};
/* End PBXNativeTarget section */

/* Begin PBXProject section */
		D9B2E9C425228B2300A11D07 /* Project object */ = {
			isa = PBXProject;
			attributes = {
				LastSwiftUpdateCheck = 1120;
				LastUpgradeCheck = 1120;
				ORGANIZATIONNAME = "Josefina Perez";
				TargetAttributes = {
					D9B2E9CB25228B2300A11D07 = {
						CreatedOnToolsVersion = 11.2.1;
					};
				};
			};
			buildConfigurationList = D9B2E9C725228B2300A11D07 /* Build configuration list for PBXProject "Libros" */;
			compatibilityVersion = "Xcode 9.3";
			developmentRegion = en;
			hasScannedForEncodings = 0;
			knownRegions = (
				en,
				Base,
			);
			mainGroup = D9B2E9C325228B2300A11D07;
			productRefGroup = D9B2E9CD25228B2300A11D07 /* Products */;
			projectDirPath = "";
			projectRoot = "";
			targets = (
				D9B2E9CB25228B2300A11D07 /* Libros */,
			);
		};
/* End PBXProject section */

/* Begin PBXResourcesBuildPhase section */
		D9B2E9CA25228B2300A11D07 /* Resources */ = {
			isa = PBXResourcesBuildPhase;
			buildActionMask = 2147483647;
			files = (
				D9B2E9DC25228B2A00A11D07 /* LaunchScreen.storyboard in Resources */,
				D9B2E9D925228B2A00A11D07 /* Assets.xcassets in Resources */,
				D9B2E9D725228B2300A11D07 /* Main.storyboard in Resources */,
			);
			runOnlyForDeploymentPostprocessing = 0;
		};
/* End PBXResourcesBuildPhase section */

/* Begin PBXShellScriptBuildPhase section */
		9E3B0E0EAFC7D4E46FFC6DAC /* [CP] Embed Pods Frameworks */ = {
			isa = PBXShellScriptBuildPhase;
			buildActionMask = 2147483647;
			files = (
			);
			inputFileListPaths = (
				"${PODS_ROOT}/Target Support Files/Pods-Libros/Pods-Libros-frameworks-${CONFIGURATION}-input-files.xcfilelist",
			);
			name = "[CP] Embed Pods Frameworks";
			outputFileListPaths = (
				"${PODS_ROOT}/Target Support Files/Pods-Libros/Pods-Libros-frameworks-${CONFIGURATION}-output-files.xcfilelist",
			);
			runOnlyForDeploymentPostprocessing = 0;
			shellPath = /bin/sh;
			shellScript = "\"${PODS_ROOT}/Target Support Files/Pods-Libros/Pods-Libros-frameworks.sh\"\n";
			showEnvVarsInLog = 0;
		};
		ABCFCF236CEA34CEA4090847 /* [CP] Check Pods Manifest.lock */ = {
			isa = PBXShellScriptBuildPhase;
			buildActionMask = 2147483647;
			files = (
			);
			inputFileListPaths = (
			);
			inputPaths = (
				"${PODS_PODFILE_DIR_PATH}/Podfile.lock",
				"${PODS_ROOT}/Manifest.lock",
			);
			name = "[CP] Check Pods Manifest.lock";
			outputFileListPaths = (
			);
			outputPaths = (
				"$(DERIVED_FILE_DIR)/Pods-Libros-checkManifestLockResult.txt",
			);
			runOnlyForDeploymentPostprocessing = 0;
			shellPath = /bin/sh;
			shellScript = "diff \"${PODS_PODFILE_DIR_PATH}/Podfile.lock\" \"${PODS_ROOT}/Manifest.lock\" > /dev/null\nif [ $? != 0 ] ; then\n    # print error to STDERR\n    echo \"error: The sandbox is not in sync with the Podfile.lock. Run 'pod install' or update your CocoaPods installation.\" >&2\n    exit 1\nfi\n# This output is used by Xcode 'outputs' to avoid re-running this script phase.\necho \"SUCCESS\" > \"${SCRIPT_OUTPUT_FILE_0}\"\n";
			showEnvVarsInLog = 0;
		};
/* End PBXShellScriptBuildPhase section */

/* Begin PBXSourcesBuildPhase section */
		D9B2E9C825228B2300A11D07 /* Sources */ = {
			isa = PBXSourcesBuildPhase;
			buildActionMask = 2147483647;
			files = (
				D9B2E9D425228B2300A11D07 /* ViewController.swift in Sources */,
				D9B2E9D025228B2300A11D07 /* AppDelegate.swift in Sources */,
				D9B2E9E4252292BD00A11D07 /* BookRepository.swift in Sources */,
				D9B2E9E6252294BD00A11D07 /* Book.swift in Sources */,
				D9B2E9D225228B2300A11D07 /* SceneDelegate.swift in Sources */,
			);
			runOnlyForDeploymentPostprocessing = 0;
		};
/* End PBXSourcesBuildPhase section */

/* Begin PBXVariantGroup section */
		D9B2E9D525228B2300A11D07 /* Main.storyboard */ = {
			isa = PBXVariantGroup;
			children = (
				D9B2E9D625228B2300A11D07 /* Base */,
			);
			name = Main.storyboard;
			sourceTree = "<group>";
		};
		D9B2E9DA25228B2A00A11D07 /* LaunchScreen.storyboard */ = {
			isa = PBXVariantGroup;
			children = (
				D9B2E9DB25228B2A00A11D07 /* Base */,
			);
			name = LaunchScreen.storyboard;
			sourceTree = "<group>";
		};
/* End PBXVariantGroup section */

/* Begin XCBuildConfiguration section */
		D9B2E9DE25228B2A00A11D07 /* Debug */ = {
			isa = XCBuildConfiguration;
			buildSettings = {
				ALWAYS_SEARCH_USER_PATHS = NO;
				CLANG_ANALYZER_NONNULL = YES;
				CLANG_ANALYZER_NUMBER_OBJECT_CONVERSION = YES_AGGRESSIVE;
				CLANG_CXX_LANGUAGE_STANDARD = "gnu++14";
				CLANG_CXX_LIBRARY = "libc++";
				CLANG_ENABLE_MODULES = YES;
				CLANG_ENABLE_OBJC_ARC = YES;
				CLANG_ENABLE_OBJC_WEAK = YES;
				CLANG_WARN_BLOCK_CAPTURE_AUTORELEASING = YES;
				CLANG_WARN_BOOL_CONVERSION = YES;
				CLANG_WARN_COMMA = YES;
				CLANG_WARN_CONSTANT_CONVERSION = YES;
				CLANG_WARN_DEPRECATED_OBJC_IMPLEMENTATIONS = YES;
				CLANG_WARN_DIRECT_OBJC_ISA_USAGE = YES_ERROR;
				CLANG_WARN_DOCUMENTATION_COMMENTS = YES;
				CLANG_WARN_EMPTY_BODY = YES;
				CLANG_WARN_ENUM_CONVERSION = YES;
				CLANG_WARN_INFINITE_RECURSION = YES;
				CLANG_WARN_INT_CONVERSION = YES;
				CLANG_WARN_NON_LITERAL_NULL_CONVERSION = YES;
				CLANG_WARN_OBJC_IMPLICIT_RETAIN_SELF = YES;
				CLANG_WARN_OBJC_LITERAL_CONVERSION = YES;
				CLANG_WARN_OBJC_ROOT_CLASS = YES_ERROR;
				CLANG_WARN_RANGE_LOOP_ANALYSIS = YES;
				CLANG_WARN_STRICT_PROTOTYPES = YES;
				CLANG_WARN_SUSPICIOUS_MOVE = YES;
				CLANG_WARN_UNGUARDED_AVAILABILITY = YES_AGGRESSIVE;
				CLANG_WARN_UNREACHABLE_CODE = YES;
				CLANG_WARN__DUPLICATE_METHOD_MATCH = YES;
				COPY_PHASE_STRIP = NO;
				DEBUG_INFORMATION_FORMAT = dwarf;
				ENABLE_STRICT_OBJC_MSGSEND = YES;
				ENABLE_TESTABILITY = YES;
				GCC_C_LANGUAGE_STANDARD = gnu11;
				GCC_DYNAMIC_NO_PIC = NO;
				GCC_NO_COMMON_BLOCKS = YES;
				GCC_OPTIMIZATION_LEVEL = 0;
				GCC_PREPROCESSOR_DEFINITIONS = (
					"DEBUG=1",
					"$(inherited)",
				);
				GCC_WARN_64_TO_32_BIT_CONVERSION = YES;
				GCC_WARN_ABOUT_RETURN_TYPE = YES_ERROR;
				GCC_WARN_UNDECLARED_SELECTOR = YES;
				GCC_WARN_UNINITIALIZED_AUTOS = YES_AGGRESSIVE;
				GCC_WARN_UNUSED_FUNCTION = YES;
				GCC_WARN_UNUSED_VARIABLE = YES;
				IPHONEOS_DEPLOYMENT_TARGET = 13.2;
				MTL_ENABLE_DEBUG_INFO = INCLUDE_SOURCE;
				MTL_FAST_MATH = YES;
				ONLY_ACTIVE_ARCH = YES;
				SDKROOT = iphoneos;
				SWIFT_ACTIVE_COMPILATION_CONDITIONS = DEBUG;
				SWIFT_OPTIMIZATION_LEVEL = "-Onone";
			};
			name = Debug;
		};
		D9B2E9DF25228B2A00A11D07 /* Release */ = {
			isa = XCBuildConfiguration;
			buildSettings = {
				ALWAYS_SEARCH_USER_PATHS = NO;
				CLANG_ANALYZER_NONNULL = YES;
				CLANG_ANALYZER_NUMBER_OBJECT_CONVERSION = YES_AGGRESSIVE;
				CLANG_CXX_LANGUAGE_STANDARD = "gnu++14";
				CLANG_CXX_LIBRARY = "libc++";
				CLANG_ENABLE_MODULES = YES;
				CLANG_ENABLE_OBJC_ARC = YES;
				CLANG_ENABLE_OBJC_WEAK = YES;
				CLANG_WARN_BLOCK_CAPTURE_AUTORELEASING = YES;
				CLANG_WARN_BOOL_CONVERSION = YES;
				CLANG_WARN_COMMA = YES;
				CLANG_WARN_CONSTANT_CONVERSION = YES;
				CLANG_WARN_DEPRECATED_OBJC_IMPLEMENTATIONS = YES;
				CLANG_WARN_DIRECT_OBJC_ISA_USAGE = YES_ERROR;
				CLANG_WARN_DOCUMENTATION_COMMENTS = YES;
				CLANG_WARN_EMPTY_BODY = YES;
				CLANG_WARN_ENUM_CONVERSION = YES;
				CLANG_WARN_INFINITE_RECURSION = YES;
				CLANG_WARN_INT_CONVERSION = YES;
				CLANG_WARN_NON_LITERAL_NULL_CONVERSION = YES;
				CLANG_WARN_OBJC_IMPLICIT_RETAIN_SELF = YES;
				CLANG_WARN_OBJC_LITERAL_CONVERSION = YES;
				CLANG_WARN_OBJC_ROOT_CLASS = YES_ERROR;
				CLANG_WARN_RANGE_LOOP_ANALYSIS = YES;
				CLANG_WARN_STRICT_PROTOTYPES = YES;
				CLANG_WARN_SUSPICIOUS_MOVE = YES;
				CLANG_WARN_UNGUARDED_AVAILABILITY = YES_AGGRESSIVE;
				CLANG_WARN_UNREACHABLE_CODE = YES;
				CLANG_WARN__DUPLICATE_METHOD_MATCH = YES;
				COPY_PHASE_STRIP = NO;
				DEBUG_INFORMATION_FORMAT = "dwarf-with-dsym";
				ENABLE_NS_ASSERTIONS = NO;
				ENABLE_STRICT_OBJC_MSGSEND = YES;
				GCC_C_LANGUAGE_STANDARD = gnu11;
				GCC_NO_COMMON_BLOCKS = YES;
				GCC_WARN_64_TO_32_BIT_CONVERSION = YES;
				GCC_WARN_ABOUT_RETURN_TYPE = YES_ERROR;
				GCC_WARN_UNDECLARED_SELECTOR = YES;
				GCC_WARN_UNINITIALIZED_AUTOS = YES_AGGRESSIVE;
				GCC_WARN_UNUSED_FUNCTION = YES;
				GCC_WARN_UNUSED_VARIABLE = YES;
				IPHONEOS_DEPLOYMENT_TARGET = 13.2;
				MTL_ENABLE_DEBUG_INFO = NO;
				MTL_FAST_MATH = YES;
				SDKROOT = iphoneos;
				SWIFT_COMPILATION_MODE = wholemodule;
				SWIFT_OPTIMIZATION_LEVEL = "-O";
				VALIDATE_PRODUCT = YES;
			};
			name = Release;
		};
		D9B2E9E125228B2A00A11D07 /* Debug */ = {
			isa = XCBuildConfiguration;
			baseConfigurationReference = 58D43032A036BAB3FDBF0816 /* Pods-Libros.debug.xcconfig */;
			buildSettings = {
				ASSETCATALOG_COMPILER_APPICON_NAME = AppIcon;
				CODE_SIGN_STYLE = Automatic;
				INFOPLIST_FILE = Libros/Info.plist;
				LD_RUNPATH_SEARCH_PATHS = (
					"$(inherited)",
					"@executable_path/Frameworks",
				);
				PRODUCT_BUNDLE_IDENTIFIER = fgfdg.Libros;
				PRODUCT_NAME = "$(TARGET_NAME)";
				SWIFT_VERSION = 5.0;
				TARGETED_DEVICE_FAMILY = "1,2";
			};
			name = Debug;
		};
		D9B2E9E225228B2A00A11D07 /* Release */ = {
			isa = XCBuildConfiguration;
			baseConfigurationReference = 3DF4C9ED1EB2090B605A025E /* Pods-Libros.release.xcconfig */;
			buildSettings = {
				ASSETCATALOG_COMPILER_APPICON_NAME = AppIcon;
				CODE_SIGN_STYLE = Automatic;
				INFOPLIST_FILE = Libros/Info.plist;
				LD_RUNPATH_SEARCH_PATHS = (
					"$(inherited)",
					"@executable_path/Frameworks",
				);
				PRODUCT_BUNDLE_IDENTIFIER = fgfdg.Libros;
				PRODUCT_NAME = "$(TARGET_NAME)";
				SWIFT_VERSION = 5.0;
				TARGETED_DEVICE_FAMILY = "1,2";
			};
			name = Release;
		};
/* End XCBuildConfiguration section */

/* Begin XCConfigurationList section */
		D9B2E9C725228B2300A11D07 /* Build configuration list for PBXProject "Libros" */ = {
			isa = XCConfigurationList;
			buildConfigurations = (
				D9B2E9DE25228B2A00A11D07 /* Debug */,
				D9B2E9DF25228B2A00A11D07 /* Release */,
			);
			defaultConfigurationIsVisible = 0;
			defaultConfigurationName = Release;
		};
		D9B2E9E025228B2A00A11D07 /* Build configuration list for PBXNativeTarget "Libros" */ = {
			isa = XCConfigurationList;
			buildConfigurations = (
				D9B2E9E125228B2A00A11D07 /* Debug */,
				D9B2E9E225228B2A00A11D07 /* Release */,
			);
			defaultConfigurationIsVisible = 0;
			defaultConfigurationName = Release;
		};
/* End XCConfigurationList section */
	};
	rootObject = D9B2E9C425228B2300A11D07 /* Project object */;
}
